{
    "hash": "be1ca14b9577c89730b43a8bbde21793",
    "packages": [
        {
            "package": "doctrine/common",
            "version": "2.2.1"
        },
        {
            "package": "doctrine/dbal",
            "version": "2.2.1"
        },
        {
            "package": "doctrine/doctrine-bundle",
            "version": "dev-master",
            "source-reference": "90e39fb7ff5b4c13577602dab7e08c90067160b4"
        },
        {
            "package": "doctrine/orm",
            "version": "2.2.0"
        },
        {
            "package": "gedmo/doctrine-extensions",
            "version": "dev-master",
            "source-reference": "fdb2b88aa0e101e884b938e15ac9c14bf3e77699"
        },
        {
            "package": "jms/aop-bundle",
            "version": "1.0.0"
        },
        {
            "package": "jms/cg",
            "version": "1.0.0"
        },
        {
            "package": "jms/metadata",
            "version": "1.1.1"
        },
        {
            "package": "jms/security-extra-bundle",
            "version": "dev-master",
            "source-reference": "5ce520127ba43d90563775a7935d4980ac227853"
        },
        {
            "package": "knplabs/knp-components",
            "version": "dev-master",
            "source-reference": "7c5159ee61a29ae221b10cf8e3f0a9ef18be3838"
        },
        {
            "package": "knplabs/knp-markdown-bundle",
            "version": "dev-master",
            "source-reference": "8a7637054b945c2fd5fbeece2cf98139fb79d8f3"
        },
        {
            "package": "knplabs/knp-menu",
            "version": "dev-master",
            "source-reference": "f818c58d89885c5eb1e305f5b7360588fd49fbab"
        },
        {
            "package": "knplabs/knp-menu-bundle",
            "version": "dev-master",
            "source-reference": "462b7b40e5c17813a6d14929d7bca7d0511c7736"
        },
        {
            "package": "knplabs/knp-paginator-bundle",
            "version": "dev-master",
            "source-reference": "73658a5bb2aa220417138255031061af2331db78"
        },
        {
            "package": "kriswallsmith/assetic",
            "version": "dev-master",
            "source-reference": "2634d29cc193981761e3daf28e1afc6358bb43b1"
        },
        {
            "package": "monolog/monolog",
            "version": "1.0.2"
        },
        {
            "package": "ornicar/gravatar-bundle",
            "version": "dev-master",
            "source-reference": "e5aedca3bd066081e16912ca8be96ba4ca570d0a"
        },
        {
            "package": "sensio/distribution-bundle",
            "version": "dev-master",
            "source-reference": "12882a093af81f89ac13078904e81c308784e883"
        },
        {
            "package": "sensio/framework-extra-bundle",
            "version": "dev-master",
            "source-reference": "d371c21a464b9f1ac6bfebf643e14a4d88acd2d8"
        },
        {
            "package": "sensio/generator-bundle",
            "version": "dev-master",
            "source-reference": "43c5c95e42e451ac7250d6a863f0540c7f266e1d"
        },
        {
            "package": "sonata-project/admin-bundle",
            "version": "dev-master",
            "source-reference": "9ab4e8ae0d10d495f0ad8a9aedb89e0eea52a3e9"
        },
        {
            "package": "sonata-project/block-bundle",
            "version": "dev-master",
            "source-reference": "ff34c3fe75bcedc739f3d4f8ad7f0a3b840b75e4"
        },
        {
            "package": "sonata-project/cache-bundle",
            "version": "dev-master",
            "source-reference": "f82a6d42052b226b09e16a0b7d519ee8906c6cdc"
        },
        {
            "package": "sonata-project/doctrine-orm-admin-bundle",
            "version": "dev-master",
            "source-reference": "b5d38449cd768d01b106c8bb8409f07c02b88deb"
        },
        {
            "package": "sonata-project/exporter",
            "version": "dev-master",
            "source-reference": "95f3d6f187ded8e4614f0c3e7e871b79a124b536"
        },
        {
            "package": "sonata-project/intl-bundle",
            "version": "dev-master",
            "source-reference": "652afb136db334f9e275fbbe45b00dd055607a73"
        },
        {
            "package": "sonata-project/jquery-bundle",
            "version": "dev-master",
            "source-reference": "01ffb8d1a7a4bb3971aed003e4f1ef050a0701aa"
        },
        {
            "package": "stof/doctrine-extensions-bundle",
            "version": "dev-master",
            "source-reference": "051a9e00a2805e2cd4e1473e85e8f74dcb70e65c"
        },
        {
            "package": "swiftmailer/swiftmailer",
            "version": "4.1.5"
        },
        {
            "package": "symfony/assetic-bundle",
            "version": "dev-master",
            "source-reference": "b9cff021abc3d9433a892fa9908d9856393c0d09"
        },
        {
            "package": "symfony/monolog-bundle",
            "version": "dev-master",
            "source-reference": "289442e385e7c0fe4aa2e8884d11e774a8f9ad99"
        },
        {
            "package": "symfony/swiftmailer-bridge",
            "version": "dev-master",
            "source-reference": "23b8d5c049bb3dfb67ec04bbea09464da27c4ec7"
        },
        {
            "package": "symfony/swiftmailer-bundle",
            "version": "dev-master",
            "source-reference": "75f8f95c201922a966274547131b33291d15d51b"
        },
        {
            "package": "symfony/symfony",
            "version": "dev-master",
            "source-reference": "91e977d38c2fc59ca7344ff2fbaf47d0a9a2e836",
            "alias": "2.1.9999999.9999999-dev"
        },
        {
            "package": "twig/extensions",
            "version": "dev-master",
            "source-reference": "1dfff8e793f50f651c4f74f796c2c68a4aee3147"
        },
        {
            "package": "twig/twig",
            "version": "1.6.1"
        }
    ],
    "aliases": [

    ]
}
